github.com/Shinzu/go-mtr v0.0.0-20170519133445-3a40e82ebda6 h1:Pxnw91zkH/sace8uZFL8VufZ4E4fyQVEdXa9BMyAMD8=
github.com/Shinzu/go-mtr v0.0.0-20170519133445-3a40e82ebda6/go.mod h1:hpSoOsZF/K2YfGyQper2bLOvAr5csKIGVKb5Pu/V0QA=
github.com/Sirupsen/logrus v0.8.8-0.20160119000032-f7f79f729e0f h1:9ZanmNLF/BV98J6omNjyJyWLacmhzCspi11cFG0tAhk=
github.com/Sirupsen/logrus v0.8.8-0.20160119000032-f7f79f729e0f/go.mod h1:rmk17hk6i8ZSAJkSDa7nOxamrG+SP4P0mm+DAvExv4U=
github.com/beorn7/perks v0.0.0-20150223135152-b965b613227f h1:L/FlB1krOjojJSmUaiAiOMiIdRWylhc9QcHg0vHBuzA=
github.com/beorn7/perks v0.0.0-20150223135152-b965b613227f/go.mod h1:Dwedo/Wpr24TaqPxmxbtue+5NUziq4I4S80YR8gNf3Q=
github.com/golang/protobuf v0.0.0-20160106020635-2402d76f3d41 h1:BIDtr9YECqqvixqxNnfN1Dp4dlRZB2nS68tywI+YZj4=
github.com/golang/protobuf v0.0.0-20160106020635-2402d76f3d41/go.mod h1:6lQm79b+lXiMfvg/cZm0SGofjICqVBUtrP5yJMmIC1U=
github.com/matttproud/golang_protobuf_extensions v0.0.0-20151011102529-d0c3fe89de86 h1:b8euq5x5N/v1JqX0v2oOwj67Wz9W3lWu/YUMs/lVUK8=
github.com/matttproud/golang_protobuf_extensions v0.0.0-20151011102529-d0c3fe89de86/go.mod h1:D8He9yQNgCq6Z5Ld7szi9bcBfOoFv/3dc6xSMkL2PC0=
github.com/prometheus/client_golang v0.0.0-20151127182433-67994f177195 h1:lPIvXUvJroqZxgIc6elDcybTmqcD2+jbrQpGzv55Rhk=
github.com/prometheus/client_golang v0.0.0-20151127182433-67994f177195/go.mod h1:7SWBe2y4D6OKWSNQJUaRYU/AaXPKyh/dDVn+NZz0KFw=
github.com/prometheus/client_model v0.0.0-20150212101744-fa8ad6fec335 h1:0E/5GnGmzoDCtmzTycjGDWW33H0UBmAhR0h+FC8hWLs=
github.com/prometheus/client_model v0.0.0-20150212101744-fa8ad6fec335/go.mod h1:MbSGuTsp3dbXC40dX6PRTWyKYBIrTGTE9sqQNg2J8bo=
github.com/prometheus/common v0.0.0-20161220174553-6d76b79f2398 h1:GzsEVUW6VeFdoOmBt08Wq8OtIHFJ5xbL2Smw+Xn6dxQ=
github.com/prometheus/common v0.0.0-20161220174553-6d76b79f2398/go.mod h1:daVV7qP5qjZbuso7PdcryaAu0sAZbrN9i7WWcTMWvro=
github.com/prometheus/procfs v0.0.0-20151029195050-406e5b7bfd82 h1:frgDnqep7lXuK5Ti+pqluLrJw/4B4EbcIwStnzhfCLY=
github.com/prometheus/procfs v0.0.0-20151029195050-406e5b7bfd82/go.mod h1:c3At6R/oaqEKCNdg8wHV1ftS6bRYblBhIjjI8uT2IGk=
golang.org/x/sys v0.0.0-20160717071931-a646d33e2ee3 h1:ZLExsLvnoqWSw6JB6k6RjWobIHGR3NG9dzVANJ7SVKc=
golang.org/x/sys v0.0.0-20160717071931-a646d33e2ee3/go.mod h1:STP8DvDyc/dI5b8T5hshtkjS+E42TnysNCUPdjciGhY=
gopkg.in/yaml.v2 v2.0.0-20150624102902-7ad95dd0798a h1:g+5jhv1DHNJos7kIS4sEd8+jAKSH9pP8AZynd85XdlI=
gopkg.in/yaml.v2 v2.0.0-20150624102902-7ad95dd0798a/go.mod h1:JAlM8MvJe8wmxCU4Bli9HhUf9+ttbYbLASfIpnQbh74=
